# @generated - this file is auto-generated by `mise lock` https://mise.jdx.dev/dev-tools/mise-lock.html

lockfile_version = 2

[[tools.actionlint]]
version = "1.7.12"
backend = "aqua:rhysd/actionlint"
specifiers = ["1.7.12"]

[tools.actionlint."platforms.linux-x64"]
checksum = "sha256:8aca8db96f1b94770f1b0d72b6dddcb1ebb8123cb3712530b08cc387b349a3d8"
url = "https://github.com/rhysd/actionlint/releases/download/v1.7.12/actionlint_1.7.12_linux_amd64.tar.gz"
url_api = "https://api.github.com/repos/rhysd/actionlint/releases/assets/384924896"
provenance = "github-attestations"

[tools.actionlint."platforms.macos-arm64"]
checksum = "sha256:aba9ced2dee8d27fecca3dc7feb1a7f9a52caefa1eb46f3271ea66b6e0e6953f"
url = "https://github.com/rhysd/actionlint/releases/download/v1.7.12/actionlint_1.7.12_darwin_arm64.tar.gz"
url_api = "https://api.github.com/repos/rhysd/actionlint/releases/assets/384924893"
provenance = "github-attestations"

[tools.actionlint."platforms.macos-x64"]
checksum = "sha256:5b44c3bc2255115c9b69e30efc0fecdf498fdb63c5d58e17084fd5f16324c644"
url = "https://github.com/rhysd/actionlint/releases/download/v1.7.12/actionlint_1.7.12_darwin_amd64.tar.gz"
url_api = "https://api.github.com/repos/rhysd/actionlint/releases/assets/384924880"
provenance = "github-attestations"

[tools.actionlint."platforms.windows-x64"]
checksum = "sha256:6e7241b51e6817ea6a047693d8e6fed13b31819c9a0dd6c5a726e1592d22f6e9"
url = "https://github.com/rhysd/actionlint/releases/download/v1.7.12/actionlint_1.7.12_windows_amd64.zip"
url_api = "https://api.github.com/repos/rhysd/actionlint/releases/assets/384924919"
provenance = "github-attestations"

[[tools.gitleaks]]
version = "8.30.1"
backend = "aqua:gitleaks/gitleaks"
specifiers = ["8.30.1"]

[tools.gitleaks."platforms.linux-x64"]
checksum = "sha256:551f6fc83ea457d62a0d98237cbad105af8d557003051f41f3e7ca7b3f2470eb"
url = "https://github.com/gitleaks/gitleaks/releases/download/v8.30.1/gitleaks_8.30.1_linux_x64.tar.gz"
url_api = "https://api.github.com/repos/gitleaks/gitleaks/releases/assets/378332058"

[tools.gitleaks."platforms.macos-arm64"]
checksum = "sha256:b40ab0ae55c505963e365f271a8d3846efbc170aa17f2607f13df610a9aeb6a5"
url = "https://github.com/gitleaks/gitleaks/releases/download/v8.30.1/gitleaks_8.30.1_darwin_arm64.tar.gz"
url_api = "https://api.github.com/repos/gitleaks/gitleaks/releases/assets/378332059"

[tools.gitleaks."platforms.macos-x64"]
checksum = "sha256:dfe101a4db2255fc85120ac7f3d25e4342c3c20cf749f2c20a18081af1952709"
url = "https://github.com/gitleaks/gitleaks/releases/download/v8.30.1/gitleaks_8.30.1_darwin_x64.tar.gz"
url_api = "https://api.github.com/repos/gitleaks/gitleaks/releases/assets/378332053"

[tools.gitleaks."platforms.windows-x64"]
checksum = "sha256:d29144deff3a68aa93ced33dddf84b7fdc26070add4aa0f4513094c8332afc4e"
url = "https://github.com/gitleaks/gitleaks/releases/download/v8.30.1/gitleaks_8.30.1_windows_x64.zip"
url_api = "https://api.github.com/repos/gitleaks/gitleaks/releases/assets/378333178"

[[tools.hk]]
version = "2.4.0"
backend = "packslip:github.com/jdx/hk"
specifiers = ["2.4.0"]

[tools.hk."platforms.linux-x64"]
checksum = "sha256:6efabe30aeabc4611a42ce6cf0fd46b9a19478e2cfd9acfd1bd93998736f3153"
url = "https://github.com/jdx/hk/releases/download/v2.4.0/hk-x86_64-unknown-linux-gnu.tar.gz"
signer = "sigstore-oidc:https://github.com/jdx/hk/.github/workflows/release.yml"

[tools.hk."platforms.macos-arm64"]
checksum = "sha256:6e1c970b9de7ab4ee52c85869b2ea9cfe8769d25a0fe9536062e0ba62366ec59"
url = "https://github.com/jdx/hk/releases/download/v2.4.0/hk-aarch64-apple-darwin.tar.gz"
signer = "sigstore-oidc:https://github.com/jdx/hk/.github/workflows/release.yml"

[tools.hk."platforms.windows-x64"]
checksum = "sha256:028931e00fd670ad891a428bf44e14ac8e2726a8f72b7fae80b27b6502af2be3"
url = "https://github.com/jdx/hk/releases/download/v2.4.0/hk-x86_64-pc-windows-msvc.zip"
signer = "sigstore-oidc:https://github.com/jdx/hk/.github/workflows/release.yml"

[[tools.node]]
version = "24.13.1"
backend = "core:node"
specifiers = ["24.13.1"]

[tools.node."platforms.linux-x64"]
checksum = "sha256:7ad28fb172a9ab0593f86c1a39e5c268d0d8fc3d6cb0167f455b5655a7a6e2fd"
url = "https://nodejs.org/dist/v24.13.1/node-v24.13.1-linux-x64.tar.gz"

[tools.node."platforms.macos-arm64"]
checksum = "sha256:8c039d59f2fec6195e4281ad5b0d02b9a940897b4df7b849c6fb48be6787bba6"
url = "https://nodejs.org/dist/v24.13.1/node-v24.13.1-darwin-arm64.tar.gz"

[tools.node."platforms.macos-x64"]
checksum = "sha256:527f0578d9812e7dfa225121bda0b1546a6a0e4b5f556295fc8299c272de5fbf"
url = "https://nodejs.org/dist/v24.13.1/node-v24.13.1-darwin-x64.tar.gz"

[tools.node."platforms.windows-x64"]
checksum = "sha256:fba577c4bb87df04d54dd87bbdaa5a2272f1f99a2acbf9152e1a91b8b5f0b279"
url = "https://nodejs.org/dist/v24.13.1/node-v24.13.1-win-x64.zip"

[[tools."npm:vite-plus"]]
version = "1.0.0"
aube = { path = ".mise/locks/npm-vite-plus/1.0.0", digest = "sha256:d8f19a00c4656df682d86f519ef7d4cdea678e99c4419dfc90bf8fbf4de4eb63" }
backend = "npm:vite-plus"
specifiers = ["1.0.0"]

[[tools.pnpm]]
version = "11.10.0"
backend = "aqua:pnpm/pnpm"
specifiers = ["11.10.0"]

[tools.pnpm."platforms.linux-x64"]
checksum = "sha256:cf22c9f1ba90f67c9a5cfb1cbe9c2087cf4c3a5c409dad738c1f8a38b8137666"
url = "https://github.com/pnpm/pnpm/releases/download/v11.10.0/pnpm-linux-x64.tar.gz"
url_api = "https://api.github.com/repos/pnpm/pnpm/releases/assets/466571518"
provenance = "github-attestations"

[tools.pnpm."platforms.macos-arm64"]
checksum = "sha256:d0d8a55b47dbe07a80d13fec7ee5af9bdca36187e61f9562d72d81dd637178c4"
url = "https://github.com/pnpm/pnpm/releases/download/v11.10.0/pnpm-darwin-arm64.tar.gz"
url_api = "https://api.github.com/repos/pnpm/pnpm/releases/assets/466571520"
provenance = "github-attestations"

[tools.pnpm."platforms.windows-x64"]
checksum = "sha256:bb25e88285354cd2510a481859e5695b68f5def16f22e4ffb7aa76a87af4f700"
url = "https://github.com/pnpm/pnpm/releases/download/v11.10.0/pnpm-win32-x64.zip"
url_api = "https://api.github.com/repos/pnpm/pnpm/releases/assets/466571521"
provenance = "github-attestations"

[[tools.shellcheck]]
version = "0.11.0"
backend = "aqua:koalaman/shellcheck"
specifiers = ["0.11.0"]

[tools.shellcheck."platforms.linux-x64"]
checksum = "sha256:8c3be12b05d5c177a04c29e3c78ce89ac86f1595681cab149b65b97c4e227198"
url = "https://github.com/koalaman/shellcheck/releases/download/v0.11.0/shellcheck-v0.11.0.linux.x86_64.tar.xz"
url_api = "https://api.github.com/repos/koalaman/shellcheck/releases/assets/279056942"

[tools.shellcheck."platforms.macos-arm64"]
checksum = "sha256:56affdd8de5527894dca6dc3d7e0a99a873b0f004d7aabc30ae407d3f48b0a79"
url = "https://github.com/koalaman/shellcheck/releases/download/v0.11.0/shellcheck-v0.11.0.darwin.aarch64.tar.xz"
url_api = "https://api.github.com/repos/koalaman/shellcheck/releases/assets/279056932"

[tools.shellcheck."platforms.macos-x64"]
checksum = "sha256:3c89db4edcab7cf1c27bff178882e0f6f27f7afdf54e859fa041fca10febe4c6"
url = "https://github.com/koalaman/shellcheck/releases/download/v0.11.0/shellcheck-v0.11.0.darwin.x86_64.tar.xz"
url_api = "https://api.github.com/repos/koalaman/shellcheck/releases/assets/279056930"

[tools.shellcheck."platforms.windows-x64"]
checksum = "sha256:8a4e35ab0b331c85d73567b12f2a444df187f483e5079ceffa6bda1faa2e740e"
url = "https://github.com/koalaman/shellcheck/releases/download/v0.11.0/shellcheck-v0.11.0.zip"
url_api = "https://api.github.com/repos/koalaman/shellcheck/releases/assets/279056944"
