# @generated - this file is auto-generated by `mise lock` https://mise.jdx.dev/dev-tools/mise-lock.html

lockfile_version = 2

[[tools.actionlint]]
version = "1.7.12"
backend = "aqua:rhysd/actionlint"
specifiers = ["1.7.12"]

[tools.actionlint."platforms.linux-x64"]
checksum = "sha256:8aca8db96f1b94770f1b0d72b6dddcb1ebb8123cb3712530b08cc387b349a3d8"
url = "https://github.com/rhysd/actionlint/releases/download/v1.7.12/actionlint_1.7.12_linux_amd64.tar.gz"
url_api = "https://api.github.com/repos/rhysd/actionlint/releases/assets/384924896"
provenance = "github-attestations"

[tools.actionlint."platforms.macos-arm64"]
checksum = "sha256:aba9ced2dee8d27fecca3dc7feb1a7f9a52caefa1eb46f3271ea66b6e0e6953f"
url = "https://github.com/rhysd/actionlint/releases/download/v1.7.12/actionlint_1.7.12_darwin_arm64.tar.gz"
url_api = "https://api.github.com/repos/rhysd/actionlint/releases/assets/384924893"
provenance = "github-attestations"

[tools.actionlint."platforms.macos-x64"]
checksum = "sha256:5b44c3bc2255115c9b69e30efc0fecdf498fdb63c5d58e17084fd5f16324c644"
url = "https://github.com/rhysd/actionlint/releases/download/v1.7.12/actionlint_1.7.12_darwin_amd64.tar.gz"
url_api = "https://api.github.com/repos/rhysd/actionlint/releases/assets/384924880"
provenance = "github-attestations"

[tools.actionlint."platforms.windows-x64"]
checksum = "sha256:6e7241b51e6817ea6a047693d8e6fed13b31819c9a0dd6c5a726e1592d22f6e9"
url = "https://github.com/rhysd/actionlint/releases/download/v1.7.12/actionlint_1.7.12_windows_amd64.zip"
url_api = "https://api.github.com/repos/rhysd/actionlint/releases/assets/384924919"
provenance = "github-attestations"

[[tools."github:voidzero-dev/vite-plus"]]
version = "1.0.0"
backend = "github:voidzero-dev/vite-plus"
specifiers = ["1.0.0"]

[tools."github:voidzero-dev/vite-plus"."platforms.linux-x64"]
checksum = "sha256:2adca8386c8f7e158eea4abe1a3eda9f89313c869145f788409a0be45979dd6a"
url = "https://github.com/voidzero-dev/vite-plus/releases/download/v1.0.0/vp-x86_64-unknown-linux-gnu.tar.gz"
url_api = "https://api.github.com/repos/voidzero-dev/vite-plus/releases/assets/594610028"
provenance = "github-attestations"

[tools."github:voidzero-dev/vite-plus"."platforms.macos-arm64"]
checksum = "sha256:309d42550348aa156e34a9a2eb6e9e8b1c5886126b14cd9a88f42d158a944b35"
url = "https://github.com/voidzero-dev/vite-plus/releases/download/v1.0.0/vp-aarch64-apple-darwin.tar.gz"
url_api = "https://api.github.com/repos/voidzero-dev/vite-plus/releases/assets/594610033"
provenance = "github-attestations"

[tools."github:voidzero-dev/vite-plus"."platforms.macos-x64"]
checksum = "sha256:27d61dc87e3f456d086fb865aba853a1937a112881d4a7f0dfc03ad0f472fba8"
url = "https://github.com/voidzero-dev/vite-plus/releases/download/v1.0.0/vp-x86_64-apple-darwin.tar.gz"
url_api = "https://api.github.com/repos/voidzero-dev/vite-plus/releases/assets/594610032"
provenance = "github-attestations"

[tools."github:voidzero-dev/vite-plus"."platforms.windows-x64"]
checksum = "sha256:8128e4a9d8561e0c5c5c6102557ac412f6e6d466deef632891d382e168c55ff2"
url = "https://github.com/voidzero-dev/vite-plus/releases/download/v1.0.0/vp-x86_64-pc-windows-msvc.zip"
url_api = "https://api.github.com/repos/voidzero-dev/vite-plus/releases/assets/594610027"
provenance = "github-attestations"

[[tools.gitleaks]]
version = "8.30.1"
backend = "aqua:gitleaks/gitleaks"
specifiers = ["8.30.1"]

[tools.gitleaks."platforms.linux-x64"]
checksum = "sha256:551f6fc83ea457d62a0d98237cbad105af8d557003051f41f3e7ca7b3f2470eb"
url = "https://github.com/gitleaks/gitleaks/releases/download/v8.30.1/gitleaks_8.30.1_linux_x64.tar.gz"
url_api = "https://api.github.com/repos/gitleaks/gitleaks/releases/assets/378332058"

[tools.gitleaks."platforms.macos-arm64"]
checksum = "sha256:b40ab0ae55c505963e365f271a8d3846efbc170aa17f2607f13df610a9aeb6a5"
url = "https://github.com/gitleaks/gitleaks/releases/download/v8.30.1/gitleaks_8.30.1_darwin_arm64.tar.gz"
url_api = "https://api.github.com/repos/gitleaks/gitleaks/releases/assets/378332059"

[tools.gitleaks."platforms.macos-x64"]
checksum = "sha256:dfe101a4db2255fc85120ac7f3d25e4342c3c20cf749f2c20a18081af1952709"
url = "https://github.com/gitleaks/gitleaks/releases/download/v8.30.1/gitleaks_8.30.1_darwin_x64.tar.gz"
url_api = "https://api.github.com/repos/gitleaks/gitleaks/releases/assets/378332053"

[tools.gitleaks."platforms.windows-x64"]
checksum = "sha256:d29144deff3a68aa93ced33dddf84b7fdc26070add4aa0f4513094c8332afc4e"
url = "https://github.com/gitleaks/gitleaks/releases/download/v8.30.1/gitleaks_8.30.1_windows_x64.zip"
url_api = "https://api.github.com/repos/gitleaks/gitleaks/releases/assets/378333178"

[[tools.hk]]
version = "2.4.0"
backend = "packslip:github.com/jdx/hk"
specifiers = ["2.4.0"]

[tools.hk."platforms.linux-x64"]
checksum = "sha256:6efabe30aeabc4611a42ce6cf0fd46b9a19478e2cfd9acfd1bd93998736f3153"
url = "https://github.com/jdx/hk/releases/download/v2.4.0/hk-x86_64-unknown-linux-gnu.tar.gz"
signer = "sigstore-oidc:https://github.com/jdx/hk/.github/workflows/release.yml"

[tools.hk."platforms.macos-arm64"]
checksum = "sha256:6e1c970b9de7ab4ee52c85869b2ea9cfe8769d25a0fe9536062e0ba62366ec59"
url = "https://github.com/jdx/hk/releases/download/v2.4.0/hk-aarch64-apple-darwin.tar.gz"
signer = "sigstore-oidc:https://github.com/jdx/hk/.github/workflows/release.yml"

[tools.hk."platforms.windows-x64"]
checksum = "sha256:028931e00fd670ad891a428bf44e14ac8e2726a8f72b7fae80b27b6502af2be3"
url = "https://github.com/jdx/hk/releases/download/v2.4.0/hk-x86_64-pc-windows-msvc.zip"
signer = "sigstore-oidc:https://github.com/jdx/hk/.github/workflows/release.yml"

[[tools.node]]
version = "24.21.0"
backend = "core:node"
specifiers = ["24.21.0"]

[tools.node."platforms.linux-x64"]
checksum = "sha256:6e1db87ef58b8819e5d5402eff1536491b18edd8eb7bee5ef7897876e88dc5ff"
url = "https://nodejs.org/dist/v24.21.0/node-v24.21.0-linux-x64.tar.gz"

[tools.node."platforms.macos-arm64"]
checksum = "sha256:bed7eea5325e1108f32ce5228ddd6a5f0f08a499ee42aa7442aea583702f6057"
url = "https://nodejs.org/dist/v24.21.0/node-v24.21.0-darwin-arm64.tar.gz"

[tools.node."platforms.macos-x64"]
checksum = "sha256:1462cb3b3046b815cf8ea436d3da450ec1a9f11dac7e5a46b0ada5305d7e8097"
url = "https://nodejs.org/dist/v24.21.0/node-v24.21.0-darwin-x64.tar.gz"

[tools.node."platforms.windows-x64"]
checksum = "sha256:158f7685b44de51f6c0df1d153526cbcd3e1bc739a8dfc607721cef75de9e541"
url = "https://nodejs.org/dist/v24.21.0/node-v24.21.0-win-x64.zip"

[[tools."npm:vite-plus"]]
version = "1.0.0"
aube = { path = ".mise/locks/npm-vite-plus/1.0.0", digest = "sha256:d8f19a00c4656df682d86f519ef7d4cdea678e99c4419dfc90bf8fbf4de4eb63" }
backend = "npm:vite-plus"
specifiers = ["1.0.0"]

[[tools.pnpm]]
version = "11.10.0"
backend = "aqua:pnpm/pnpm"
specifiers = ["11.10.0"]

[tools.pnpm."platforms.linux-x64"]
checksum = "sha256:cf22c9f1ba90f67c9a5cfb1cbe9c2087cf4c3a5c409dad738c1f8a38b8137666"
url = "https://github.com/pnpm/pnpm/releases/download/v11.10.0/pnpm-linux-x64.tar.gz"
url_api = "https://api.github.com/repos/pnpm/pnpm/releases/assets/466571518"
provenance = "github-attestations"

[tools.pnpm."platforms.macos-arm64"]
checksum = "sha256:d0d8a55b47dbe07a80d13fec7ee5af9bdca36187e61f9562d72d81dd637178c4"
url = "https://github.com/pnpm/pnpm/releases/download/v11.10.0/pnpm-darwin-arm64.tar.gz"
url_api = "https://api.github.com/repos/pnpm/pnpm/releases/assets/466571520"
provenance = "github-attestations"

[tools.pnpm."platforms.windows-x64"]
checksum = "sha256:bb25e88285354cd2510a481859e5695b68f5def16f22e4ffb7aa76a87af4f700"
url = "https://github.com/pnpm/pnpm/releases/download/v11.10.0/pnpm-win32-x64.zip"
url_api = "https://api.github.com/repos/pnpm/pnpm/releases/assets/466571521"
provenance = "github-attestations"

[[tools.shellcheck]]
version = "0.11.0"
backend = "aqua:koalaman/shellcheck"
specifiers = ["0.11.0"]

[tools.shellcheck."platforms.linux-x64"]
checksum = "sha256:8c3be12b05d5c177a04c29e3c78ce89ac86f1595681cab149b65b97c4e227198"
url = "https://github.com/koalaman/shellcheck/releases/download/v0.11.0/shellcheck-v0.11.0.linux.x86_64.tar.xz"
url_api = "https://api.github.com/repos/koalaman/shellcheck/releases/assets/279056942"

[tools.shellcheck."platforms.macos-arm64"]
checksum = "sha256:56affdd8de5527894dca6dc3d7e0a99a873b0f004d7aabc30ae407d3f48b0a79"
url = "https://github.com/koalaman/shellcheck/releases/download/v0.11.0/shellcheck-v0.11.0.darwin.aarch64.tar.xz"
url_api = "https://api.github.com/repos/koalaman/shellcheck/releases/assets/279056932"

[tools.shellcheck."platforms.macos-x64"]
checksum = "sha256:3c89db4edcab7cf1c27bff178882e0f6f27f7afdf54e859fa041fca10febe4c6"
url = "https://github.com/koalaman/shellcheck/releases/download/v0.11.0/shellcheck-v0.11.0.darwin.x86_64.tar.xz"
url_api = "https://api.github.com/repos/koalaman/shellcheck/releases/assets/279056930"

[tools.shellcheck."platforms.windows-x64"]
checksum = "sha256:8a4e35ab0b331c85d73567b12f2a444df187f483e5079ceffa6bda1faa2e740e"
url = "https://github.com/koalaman/shellcheck/releases/download/v0.11.0/shellcheck-v0.11.0.zip"
url_api = "https://api.github.com/repos/koalaman/shellcheck/releases/assets/279056944"
